
Microsoft Visual Studio Solution File, Format Version 12.00
# Visual Studio Version 16
VisualStudioVersion = 16.0.30523.141
MinimumVisualStudioVersion = 10.0.40219.1
Project("{9A19103F-16F7-4668-BE54-9A1E7A4F7556}") = "App", "App\App.csproj", "{1F749119-703E-4A81-BB19-FE56D55E1A11}"
EndProject
Project("{9A19103F-16F7-4668-BE54-9A1E7A4F7556}") = "Tasks", "Tasks\Tasks.csproj", "{B1EC6C57-66FF-4F25-AE21-EBF98E7A7AF1}"
EndProject
Project("{9A19103F-16F7-4668-BE54-9A1E7A4F7556}") = "Tasks.Tests", "Tasks.Tests\Tasks.Tests.csproj", "{103B6607-D735-4F2A-9836-982493C2DE86}"
EndProject
Project("{9A19103F-16F7-4668-BE54-9A1E7A4F7556}") = "LinqIntro", "LinqIntro\LinqIntro.csproj", "{8B895597-8AD9-4D0D-BD4F-78132747F2A9}"
EndProject
Project("{9A19103F-16F7-4668-BE54-9A1E7A4F7556}") = "LinqIntro.Tests", "LinqIntro.Tests\LinqIntro.Tests.csproj", "{57F5F94E-C8A1-478E-8C69-67804BA7E81D}"
EndProject
Project("{FAE04EC0-301F-11D3-BF4B-00C04F79EFBC}") = "Streams", "Streams\Streams.csproj", "{C768F900-F46A-41CC-9A5D-A2E32BAD8BDA}"
EndProject
Global
	GlobalSection(SolutionConfigurationPlatforms) = preSolution
		Debug|Any CPU = Debug|Any CPU
		Release|Any CPU = Release|Any CPU
	EndGlobalSection
	GlobalSection(ProjectConfigurationPlatforms) = postSolution
		{1F749119-703E-4A81-BB19-FE56D55E1A11}.Debug|Any CPU.ActiveCfg = Debug|Any CPU
		{1F749119-703E-4A81-BB19-FE56D55E1A11}.Debug|Any CPU.Build.0 = Debug|Any CPU
		{1F749119-703E-4A81-BB19-FE56D55E1A11}.Release|Any CPU.ActiveCfg = Release|Any CPU
		{1F749119-703E-4A81-BB19-FE56D55E1A11}.Release|Any CPU.Build.0 = Release|Any CPU
		{B1EC6C57-66FF-4F25-AE21-EBF98E7A7AF1}.Debug|Any CPU.ActiveCfg = Debug|Any CPU
		{B1EC6C57-66FF-4F25-AE21-EBF98E7A7AF1}.Debug|Any CPU.Build.0 = Debug|Any CPU
		{B1EC6C57-66FF-4F25-AE21-EBF98E7A7AF1}.Release|Any CPU.ActiveCfg = Release|Any CPU
		{B1EC6C57-66FF-4F25-AE21-EBF98E7A7AF1}.Release|Any CPU.Build.0 = Release|Any CPU
		{103B6607-D735-4F2A-9836-982493C2DE86}.Debug|Any CPU.ActiveCfg = Debug|Any CPU
		{103B6607-D735-4F2A-9836-982493C2DE86}.Debug|Any CPU.Build.0 = Debug|Any CPU
		{103B6607-D735-4F2A-9836-982493C2DE86}.Release|Any CPU.ActiveCfg = Release|Any CPU
		{103B6607-D735-4F2A-9836-982493C2DE86}.Release|Any CPU.Build.0 = Release|Any CPU
		{8B895597-8AD9-4D0D-BD4F-78132747F2A9}.Debug|Any CPU.ActiveCfg = Debug|Any CPU
		{8B895597-8AD9-4D0D-BD4F-78132747F2A9}.Debug|Any CPU.Build.0 = Debug|Any CPU
		{8B895597-8AD9-4D0D-BD4F-78132747F2A9}.Release|Any CPU.ActiveCfg = Release|Any CPU
		{8B895597-8AD9-4D0D-BD4F-78132747F2A9}.Release|Any CPU.Build.0 = Release|Any CPU
		{57F5F94E-C8A1-478E-8C69-67804BA7E81D}.Debug|Any CPU.ActiveCfg = Debug|Any CPU
		{57F5F94E-C8A1-478E-8C69-67804BA7E81D}.Debug|Any CPU.Build.0 = Debug|Any CPU
		{57F5F94E-C8A1-478E-8C69-67804BA7E81D}.Release|Any CPU.ActiveCfg = Release|Any CPU
		{57F5F94E-C8A1-478E-8C69-67804BA7E81D}.Release|Any CPU.Build.0 = Release|Any CPU
		{C768F900-F46A-41CC-9A5D-A2E32BAD8BDA}.Debug|Any CPU.ActiveCfg = Debug|Any CPU
		{C768F900-F46A-41CC-9A5D-A2E32BAD8BDA}.Debug|Any CPU.Build.0 = Debug|Any CPU
		{C768F900-F46A-41CC-9A5D-A2E32BAD8BDA}.Release|Any CPU.ActiveCfg = Release|Any CPU
		{C768F900-F46A-41CC-9A5D-A2E32BAD8BDA}.Release|Any CPU.Build.0 = Release|Any CPU
	EndGlobalSection
	GlobalSection(SolutionProperties) = preSolution
		HideSolutionNode = FALSE
	EndGlobalSection
	GlobalSection(ExtensibilityGlobals) = postSolution
		SolutionGuid = {FF8CD0FD-F36A-46EE-9ABE-B8BEC0A44A3B}
	EndGlobalSection
EndGlobal
