
Microsoft Visual Studio Solution File, Format Version 12.00
# Visual Studio Version 16
VisualStudioVersion = 16.0.30503.244
MinimumVisualStudioVersion = 10.0.40219.1
Project("{FAE04EC0-301F-11D3-BF4B-00C04F79EFBC}") = "App", "App\App.csproj", "{C3530907-A21C-4BA4-911B-0F34C8DE5EAE}"
EndProject
Global
	GlobalSection(SolutionConfigurationPlatforms) = preSolution
		Debug|Any CPU = Debug|Any CPU
		Release|Any CPU = Release|Any CPU
	EndGlobalSection
	GlobalSection(ProjectConfigurationPlatforms) = postSolution
		{C3530907-A21C-4BA4-911B-0F34C8DE5EAE}.Debug|Any CPU.ActiveCfg = Debug|Any CPU
		{C3530907-A21C-4BA4-911B-0F34C8DE5EAE}.Debug|Any CPU.Build.0 = Debug|Any CPU
		{C3530907-A21C-4BA4-911B-0F34C8DE5EAE}.Release|Any CPU.ActiveCfg = Release|Any CPU
		{C3530907-A21C-4BA4-911B-0F34C8DE5EAE}.Release|Any CPU.Build.0 = Release|Any CPU
	EndGlobalSection
	GlobalSection(SolutionProperties) = preSolution
		HideSolutionNode = FALSE
	EndGlobalSection
	GlobalSection(ExtensibilityGlobals) = postSolution
		SolutionGuid = {3DCD17B5-517D-4548-AC93-0E64E6589FD4}
	EndGlobalSection
EndGlobal
