
Microsoft Visual Studio Solution File, Format Version 12.00
# Visual Studio Version 16
VisualStudioVersion = 16.0.30406.217
MinimumVisualStudioVersion = 10.0.40219.1
Project("{FAE04EC0-301F-11D3-BF4B-00C04F79EFBC}") = "App", "App\App.csproj", "{62C021BD-0F30-4BD2-8D4D-3D326BCC4712}"
EndProject
Global
	GlobalSection(SolutionConfigurationPlatforms) = preSolution
		Debug|Any CPU = Debug|Any CPU
		Release|Any CPU = Release|Any CPU
	EndGlobalSection
	GlobalSection(ProjectConfigurationPlatforms) = postSolution
		{62C021BD-0F30-4BD2-8D4D-3D326BCC4712}.Debug|Any CPU.ActiveCfg = Debug|Any CPU
		{62C021BD-0F30-4BD2-8D4D-3D326BCC4712}.Debug|Any CPU.Build.0 = Debug|Any CPU
		{62C021BD-0F30-4BD2-8D4D-3D326BCC4712}.Release|Any CPU.ActiveCfg = Release|Any CPU
		{62C021BD-0F30-4BD2-8D4D-3D326BCC4712}.Release|Any CPU.Build.0 = Release|Any CPU
	EndGlobalSection
	GlobalSection(SolutionProperties) = preSolution
		HideSolutionNode = FALSE
	EndGlobalSection
	GlobalSection(ExtensibilityGlobals) = postSolution
		SolutionGuid = {824486F8-8BE1-4093-ACC2-BC0EC1CA6DA9}
	EndGlobalSection
EndGlobal
