
Microsoft Visual Studio Solution File, Format Version 12.00
# Visual Studio Version 16
VisualStudioVersion = 16.0.30406.217
MinimumVisualStudioVersion = 10.0.40219.1
Project("{9A19103F-16F7-4668-BE54-9A1E7A4F7556}") = "App", "App\App.csproj", "{62C021BD-0F30-4BD2-8D4D-3D326BCC4712}"
EndProject
Project("{FAE04EC0-301F-11D3-BF4B-00C04F79EFBC}") = "Tasks", "Tasks\Tasks.csproj", "{4A72D667-87FE-4622-8EE8-360E5FDE320E}"
EndProject
Project("{FAE04EC0-301F-11D3-BF4B-00C04F79EFBC}") = "Tasks.Tests", "Tasks.Tests\Tasks.Tests.csproj", "{A16A2DA9-A599-4011-97F1-135A9E87B348}"
EndProject
Global
	GlobalSection(SolutionConfigurationPlatforms) = preSolution
		Debug|Any CPU = Debug|Any CPU
		Release|Any CPU = Release|Any CPU
	EndGlobalSection
	GlobalSection(ProjectConfigurationPlatforms) = postSolution
		{62C021BD-0F30-4BD2-8D4D-3D326BCC4712}.Debug|Any CPU.ActiveCfg = Debug|Any CPU
		{62C021BD-0F30-4BD2-8D4D-3D326BCC4712}.Debug|Any CPU.Build.0 = Debug|Any CPU
		{62C021BD-0F30-4BD2-8D4D-3D326BCC4712}.Release|Any CPU.ActiveCfg = Release|Any CPU
		{62C021BD-0F30-4BD2-8D4D-3D326BCC4712}.Release|Any CPU.Build.0 = Release|Any CPU
		{4A72D667-87FE-4622-8EE8-360E5FDE320E}.Debug|Any CPU.ActiveCfg = Debug|Any CPU
		{4A72D667-87FE-4622-8EE8-360E5FDE320E}.Debug|Any CPU.Build.0 = Debug|Any CPU
		{4A72D667-87FE-4622-8EE8-360E5FDE320E}.Release|Any CPU.ActiveCfg = Release|Any CPU
		{4A72D667-87FE-4622-8EE8-360E5FDE320E}.Release|Any CPU.Build.0 = Release|Any CPU
		{A16A2DA9-A599-4011-97F1-135A9E87B348}.Debug|Any CPU.ActiveCfg = Debug|Any CPU
		{A16A2DA9-A599-4011-97F1-135A9E87B348}.Debug|Any CPU.Build.0 = Debug|Any CPU
		{A16A2DA9-A599-4011-97F1-135A9E87B348}.Release|Any CPU.ActiveCfg = Release|Any CPU
		{A16A2DA9-A599-4011-97F1-135A9E87B348}.Release|Any CPU.Build.0 = Release|Any CPU
	EndGlobalSection
	GlobalSection(SolutionProperties) = preSolution
		HideSolutionNode = FALSE
	EndGlobalSection
	GlobalSection(ExtensibilityGlobals) = postSolution
		SolutionGuid = {824486F8-8BE1-4093-ACC2-BC0EC1CA6DA9}
	EndGlobalSection
EndGlobal
